
Microsoft Visual Studio Solution File, Format Version 12.00
# Visual Studio 14
VisualStudioVersion = 14.0.24720.0
MinimumVisualStudioVersion = 10.0.40219.1
Project("{FAE04EC0-301F-11D3-BF4B-00C04F79EFBC}") = "WindowsCode", "WindowsCode\WindowsCode.csproj", "{BB89E30A-7B02-4432-92AC-4672E21172D3}"
EndProject
Project("{8BC9CEB8-8B4A-11D0-8D11-00A0C91BC942}") = "ProbeCode", "ProbeCode\ProbeCode.vcxproj", "{C5F80730-F44F-4478-BDAE-6634EFC2CA88}"
EndProject
Project("{8BC9CEB8-8B4A-11D0-8D11-00A0C91BC942}") = "GroundStationCode", "GroundStationCode\GroundStationCode.vcxproj", "{4718EF5E-0E17-446F-94D2-95ED607AEEC4}"
EndProject
Project("{8BC9CEB8-8B4A-11D0-8D11-00A0C91BC942}") = "ProbeACode", "ProbeACode\ProbeACode.vcxproj", "{01F41767-904B-4DDA-85C5-C9EB740CCEB1}"
EndProject
Project("{8BC9CEB8-8B4A-11D0-8D11-00A0C91BC942}") = "ProbeBCode", "ProbeBCode\ProbeBCode.vcxproj", "{51C3A677-7B15-4A6D-9C87-84F32363D03C}"
EndProject
Project("{8BC9CEB8-8B4A-11D0-8D11-00A0C91BC942}") = "CppPrototypingProject", "CppPrototypingProject\CppPrototypingProject.vcxproj", "{D0768FED-4BEC-4153-9443-6A0F7C24C196}"
EndProject
Global
	GlobalSection(SolutionConfigurationPlatforms) = preSolution
		Debug|ARM = Debug|ARM
		Debug|x64 = Debug|x64
		Debug|x86 = Debug|x86
		Release|ARM = Release|ARM
		Release|x64 = Release|x64
		Release|x86 = Release|x86
	EndGlobalSection
	GlobalSection(ProjectConfigurationPlatforms) = postSolution
		{BB89E30A-7B02-4432-92AC-4672E21172D3}.Debug|ARM.ActiveCfg = Debug|ARM
		{BB89E30A-7B02-4432-92AC-4672E21172D3}.Debug|ARM.Build.0 = Debug|ARM
		{BB89E30A-7B02-4432-92AC-4672E21172D3}.Debug|ARM.Deploy.0 = Debug|ARM
		{BB89E30A-7B02-4432-92AC-4672E21172D3}.Debug|x64.ActiveCfg = Debug|x64
		{BB89E30A-7B02-4432-92AC-4672E21172D3}.Debug|x64.Build.0 = Debug|x64
		{BB89E30A-7B02-4432-92AC-4672E21172D3}.Debug|x64.Deploy.0 = Debug|x64
		{BB89E30A-7B02-4432-92AC-4672E21172D3}.Debug|x86.ActiveCfg = Debug|x86
		{BB89E30A-7B02-4432-92AC-4672E21172D3}.Debug|x86.Build.0 = Debug|x86
		{BB89E30A-7B02-4432-92AC-4672E21172D3}.Debug|x86.Deploy.0 = Debug|x86
		{BB89E30A-7B02-4432-92AC-4672E21172D3}.Release|ARM.ActiveCfg = Release|ARM
		{BB89E30A-7B02-4432-92AC-4672E21172D3}.Release|ARM.Build.0 = Release|ARM
		{BB89E30A-7B02-4432-92AC-4672E21172D3}.Release|ARM.Deploy.0 = Release|ARM
		{BB89E30A-7B02-4432-92AC-4672E21172D3}.Release|x64.ActiveCfg = Release|x64
		{BB89E30A-7B02-4432-92AC-4672E21172D3}.Release|x64.Build.0 = Release|x64
		{BB89E30A-7B02-4432-92AC-4672E21172D3}.Release|x64.Deploy.0 = Release|x64
		{BB89E30A-7B02-4432-92AC-4672E21172D3}.Release|x86.ActiveCfg = Release|x86
		{BB89E30A-7B02-4432-92AC-4672E21172D3}.Release|x86.Build.0 = Release|x86
		{BB89E30A-7B02-4432-92AC-4672E21172D3}.Release|x86.Deploy.0 = Release|x86
		{C5F80730-F44F-4478-BDAE-6634EFC2CA88}.Debug|ARM.ActiveCfg = Debug|Win32
		{C5F80730-F44F-4478-BDAE-6634EFC2CA88}.Debug|x64.ActiveCfg = Debug|Win32
		{C5F80730-F44F-4478-BDAE-6634EFC2CA88}.Debug|x86.ActiveCfg = Debug|Win32
		{C5F80730-F44F-4478-BDAE-6634EFC2CA88}.Debug|x86.Build.0 = Debug|Win32
		{C5F80730-F44F-4478-BDAE-6634EFC2CA88}.Debug|x86.Deploy.0 = Debug|Win32
		{C5F80730-F44F-4478-BDAE-6634EFC2CA88}.Release|ARM.ActiveCfg = Release|Win32
		{C5F80730-F44F-4478-BDAE-6634EFC2CA88}.Release|x64.ActiveCfg = Release|Win32
		{C5F80730-F44F-4478-BDAE-6634EFC2CA88}.Release|x86.ActiveCfg = Release|Win32
		{C5F80730-F44F-4478-BDAE-6634EFC2CA88}.Release|x86.Build.0 = Release|Win32
		{4718EF5E-0E17-446F-94D2-95ED607AEEC4}.Debug|ARM.ActiveCfg = Debug|Win32
		{4718EF5E-0E17-446F-94D2-95ED607AEEC4}.Debug|x64.ActiveCfg = Debug|Win32
		{4718EF5E-0E17-446F-94D2-95ED607AEEC4}.Debug|x86.ActiveCfg = Debug|Win32
		{4718EF5E-0E17-446F-94D2-95ED607AEEC4}.Debug|x86.Build.0 = Debug|Win32
		{4718EF5E-0E17-446F-94D2-95ED607AEEC4}.Debug|x86.Deploy.0 = Debug|Win32
		{4718EF5E-0E17-446F-94D2-95ED607AEEC4}.Release|ARM.ActiveCfg = Release|Win32
		{4718EF5E-0E17-446F-94D2-95ED607AEEC4}.Release|x64.ActiveCfg = Release|Win32
		{4718EF5E-0E17-446F-94D2-95ED607AEEC4}.Release|x86.ActiveCfg = Release|Win32
		{4718EF5E-0E17-446F-94D2-95ED607AEEC4}.Release|x86.Build.0 = Release|Win32
		{01F41767-904B-4DDA-85C5-C9EB740CCEB1}.Debug|ARM.ActiveCfg = Debug|Win32
		{01F41767-904B-4DDA-85C5-C9EB740CCEB1}.Debug|x64.ActiveCfg = Debug|Win32
		{01F41767-904B-4DDA-85C5-C9EB740CCEB1}.Debug|x86.ActiveCfg = Debug|Win32
		{01F41767-904B-4DDA-85C5-C9EB740CCEB1}.Debug|x86.Build.0 = Debug|Win32
		{01F41767-904B-4DDA-85C5-C9EB740CCEB1}.Release|ARM.ActiveCfg = Release|Win32
		{01F41767-904B-4DDA-85C5-C9EB740CCEB1}.Release|x64.ActiveCfg = Release|Win32
		{01F41767-904B-4DDA-85C5-C9EB740CCEB1}.Release|x86.ActiveCfg = Release|Win32
		{01F41767-904B-4DDA-85C5-C9EB740CCEB1}.Release|x86.Build.0 = Release|Win32
		{51C3A677-7B15-4A6D-9C87-84F32363D03C}.Debug|ARM.ActiveCfg = Debug|Win32
		{51C3A677-7B15-4A6D-9C87-84F32363D03C}.Debug|x64.ActiveCfg = Debug|Win32
		{51C3A677-7B15-4A6D-9C87-84F32363D03C}.Debug|x86.ActiveCfg = Debug|Win32
		{51C3A677-7B15-4A6D-9C87-84F32363D03C}.Debug|x86.Build.0 = Debug|Win32
		{51C3A677-7B15-4A6D-9C87-84F32363D03C}.Release|ARM.ActiveCfg = Release|Win32
		{51C3A677-7B15-4A6D-9C87-84F32363D03C}.Release|x64.ActiveCfg = Release|Win32
		{51C3A677-7B15-4A6D-9C87-84F32363D03C}.Release|x86.ActiveCfg = Release|Win32
		{51C3A677-7B15-4A6D-9C87-84F32363D03C}.Release|x86.Build.0 = Release|Win32
		{D0768FED-4BEC-4153-9443-6A0F7C24C196}.Debug|ARM.ActiveCfg = Debug|Win32
		{D0768FED-4BEC-4153-9443-6A0F7C24C196}.Debug|x64.ActiveCfg = Debug|x64
		{D0768FED-4BEC-4153-9443-6A0F7C24C196}.Debug|x64.Build.0 = Debug|x64
		{D0768FED-4BEC-4153-9443-6A0F7C24C196}.Debug|x86.ActiveCfg = Debug|Win32
		{D0768FED-4BEC-4153-9443-6A0F7C24C196}.Debug|x86.Build.0 = Debug|Win32
		{D0768FED-4BEC-4153-9443-6A0F7C24C196}.Debug|x86.Deploy.0 = Debug|Win32
		{D0768FED-4BEC-4153-9443-6A0F7C24C196}.Release|ARM.ActiveCfg = Release|Win32
		{D0768FED-4BEC-4153-9443-6A0F7C24C196}.Release|x64.ActiveCfg = Release|x64
		{D0768FED-4BEC-4153-9443-6A0F7C24C196}.Release|x64.Build.0 = Release|x64
		{D0768FED-4BEC-4153-9443-6A0F7C24C196}.Release|x86.ActiveCfg = Release|Win32
		{D0768FED-4BEC-4153-9443-6A0F7C24C196}.Release|x86.Build.0 = Release|Win32
	EndGlobalSection
	GlobalSection(SolutionProperties) = preSolution
		HideSolutionNode = FALSE
	EndGlobalSection
	GlobalSection(TeamFoundationVersionControl) = preSolution
		SccNumberOfProjects = 7
		SccEnterpriseProvider = {4CA58AB2-18FA-4F8D-95D4-32DDF27D184C}
		SccTeamFoundationServer = https://vojtechstepancik.visualstudio.com/defaultcollection
		SccLocalPath0 = .
		SccProjectUniqueName1 = WindowsCode\\WindowsCode.csproj
		SccProjectName1 = WindowsCode
		SccLocalPath1 = WindowsCode
		SccProjectUniqueName2 = ProbeCode\\ProbeCode.vcxproj
		SccProjectName2 = ProbeCode
		SccLocalPath2 = ProbeCode
		SccProjectUniqueName3 = GroundStationCode\\GroundStationCode.vcxproj
		SccProjectName3 = GroundStationCode
		SccLocalPath3 = GroundStationCode
		SccProjectUniqueName4 = ProbeACode\\ProbeACode.vcxproj
		SccProjectName4 = ProbeACode
		SccLocalPath4 = ProbeACode
		SccProjectUniqueName5 = ProbeBCode\\ProbeBCode.vcxproj
		SccProjectName5 = ProbeBCode
		SccLocalPath5 = ProbeBCode
		SccProjectUniqueName6 = CppPrototypingProject\\CppPrototypingProject.vcxproj
		SccProjectName6 = CppPrototypingProject
		SccLocalPath6 = CppPrototypingProject
	EndGlobalSection
EndGlobal
